
Microsoft Visual Studio Solution File, Format Version 12.00
# Visual Studio Version 16
VisualStudioVersion = 16.0.30621.155
MinimumVisualStudioVersion = 10.0.40219.1
Project("{FAE04EC0-301F-11D3-BF4B-00C04F79EFBC}") = "Collections", "Collections\Collections.csproj", "{EA818D49-91DA-49B0-A5D2-75779EB0E871}"
EndProject
Global
	GlobalSection(SolutionConfigurationPlatforms) = preSolution
		Debug|Any CPU = Debug|Any CPU
		Release|Any CPU = Release|Any CPU
	EndGlobalSection
	GlobalSection(ProjectConfigurationPlatforms) = postSolution
		{EA818D49-91DA-49B0-A5D2-75779EB0E871}.Debug|Any CPU.ActiveCfg = Debug|Any CPU
		{EA818D49-91DA-49B0-A5D2-75779EB0E871}.Debug|Any CPU.Build.0 = Debug|Any CPU
		{EA818D49-91DA-49B0-A5D2-75779EB0E871}.Release|Any CPU.ActiveCfg = Release|Any CPU
		{EA818D49-91DA-49B0-A5D2-75779EB0E871}.Release|Any CPU.Build.0 = Release|Any CPU
	EndGlobalSection
	GlobalSection(SolutionProperties) = preSolution
		HideSolutionNode = FALSE
	EndGlobalSection
	GlobalSection(ExtensibilityGlobals) = postSolution
		SolutionGuid = {51A1D327-E0D5-443F-861E-FE0A481200DC}
	EndGlobalSection
EndGlobal
